
Microsoft Visual Studio Solution File, Format Version 12.00
# Visual Studio Version 17
VisualStudioVersion = 17.7.34003.232
MinimumVisualStudioVersion = 10.0.40219.1
Project("{FAE04EC0-301F-11D3-BF4B-00C04F79EFBC}") = "Dictionaries_Brown_Jaylen", "Dictionaries_Brown_Jaylen\Dictionaries_Brown_Jaylen.csproj", "{D57C6EFF-DF0A-41A8-B047-7F4A1E7DF3FB}"
EndProject
Global
	GlobalSection(SolutionConfigurationPlatforms) = preSolution
		Debug|Any CPU = Debug|Any CPU
		Release|Any CPU = Release|Any CPU
	EndGlobalSection
	GlobalSection(ProjectConfigurationPlatforms) = postSolution
		{D57C6EFF-DF0A-41A8-B047-7F4A1E7DF3FB}.Debug|Any CPU.ActiveCfg = Debug|Any CPU
		{D57C6EFF-DF0A-41A8-B047-7F4A1E7DF3FB}.Debug|Any CPU.Build.0 = Debug|Any CPU
		{D57C6EFF-DF0A-41A8-B047-7F4A1E7DF3FB}.Release|Any CPU.ActiveCfg = Release|Any CPU
		{D57C6EFF-DF0A-41A8-B047-7F4A1E7DF3FB}.Release|Any CPU.Build.0 = Release|Any CPU
	EndGlobalSection
	GlobalSection(SolutionProperties) = preSolution
		HideSolutionNode = FALSE
	EndGlobalSection
	GlobalSection(ExtensibilityGlobals) = postSolution
		SolutionGuid = {735F1D88-3A82-490A-8B5E-98DF9E0A6181}
	EndGlobalSection
EndGlobal
